// !$*UTF8*$!
{
	archiveVersion = 1;
	classes = {
	};
	objectVersion = 51;
	objects = {

/* Begin PBXBuildFile section */
		058557BB273AAA24004C7B11 /* Assets.xcassets in Resources */ = {isa = PBXBuildFile; fileRef = 058557BA273AAA24004C7B11 /* Assets.xcassets */; };
		058557D9273AAEEB004C7B11 /* Preview Assets.xcassets in Resources */ = {isa = PBXBuildFile; fileRef = 058557D8273AAEEB004C7B11 /* Preview Assets.xcassets */; };
		2152FB042600AC8F00CF470E /* iOSApp.swift in Sources */ = {isa = PBXBuildFile; fileRef = 2152FB032600AC8F00CF470E /* iOSApp.swift */; };
		7555FF83242A565900829871 /* ContentView.swift in Sources */ = {isa = PBXBuildFile; fileRef = 7555FF82242A565900829871 /* ContentView.swift */; };
		C170A8773C644D58E751CCC9 /* Pods_iosApp.framework in Frameworks */ = {isa = PBXBuildFile; fileRef = 9A46DEB3927F82975B75EE76 /* Pods_iosApp.framework */; };
		F05770F92957716300636896 /* Colors.swift in Sources */ = {isa = PBXBuildFile; fileRef = F05770F82957716300636896 /* Colors.swift */; };
		F05770FE2957789300636896 /* LanguageDropDownItem.swift in Sources */ = {isa = PBXBuildFile; fileRef = F05770FD2957789300636896 /* LanguageDropDownItem.swift */; };
		F057710029577C2A00636896 /* LanguageDropDown.swift in Sources */ = {isa = PBXBuildFile; fileRef = F05770FF29577C2A00636896 /* LanguageDropDown.swift */; };
		F057710229577DE800636896 /* SmallLanguageIcon.swift in Sources */ = {isa = PBXBuildFile; fileRef = F057710129577DE800636896 /* SmallLanguageIcon.swift */; };
		F057710429577F5A00636896 /* SwapLanguageButton.swift in Sources */ = {isa = PBXBuildFile; fileRef = F057710329577F5A00636896 /* SwapLanguageButton.swift */; };
		F05771062957807A00636896 /* IOSTranslateViewModel.swift in Sources */ = {isa = PBXBuildFile; fileRef = F05771052957807A00636896 /* IOSTranslateViewModel.swift */; };
		F05771082957809B00636896 /* TranslateScreen.swift in Sources */ = {isa = PBXBuildFile; fileRef = F05771072957809B00636896 /* TranslateScreen.swift */; };
		F057710A295968DE00636896 /* GradientSurface.swift in Sources */ = {isa = PBXBuildFile; fileRef = F0577109295968DE00636896 /* GradientSurface.swift */; };
		F057710C29596AC100636896 /* LanguageDisplay.swift in Sources */ = {isa = PBXBuildFile; fileRef = F057710B29596AC100636896 /* LanguageDisplay.swift */; };
		F057710E29596B7300636896 /* ProgressButton.swift in Sources */ = {isa = PBXBuildFile; fileRef = F057710D29596B7300636896 /* ProgressButton.swift */; };
		F057711029596E4200636896 /* TranslateTextField.swift in Sources */ = {isa = PBXBuildFile; fileRef = F057710F29596E4200636896 /* TranslateTextField.swift */; };
		F057711229597BE700636896 /* TextToSpeech.swift in Sources */ = {isa = PBXBuildFile; fileRef = F057711129597BE700636896 /* TextToSpeech.swift */; };
		F0577114295A0B7600636896 /* TranslateHistoryItem.swift in Sources */ = {isa = PBXBuildFile; fileRef = F0577113295A0B7600636896 /* TranslateHistoryItem.swift */; };
		F0577118295A394600636896 /* MicrophonePowerObserver.swift in Sources */ = {isa = PBXBuildFile; fileRef = F0577117295A394600636896 /* MicrophonePowerObserver.swift */; };
		F057711A295A3E5C00636896 /* IOSVoiceToTextParser.swift in Sources */ = {isa = PBXBuildFile; fileRef = F0577119295A3E5C00636896 /* IOSVoiceToTextParser.swift */; };
		F057711D295A481F00636896 /* IOSVoiceToTextViewModel.swift in Sources */ = {isa = PBXBuildFile; fileRef = F057711C295A481F00636896 /* IOSVoiceToTextViewModel.swift */; };
		F0577120295A6F1200636896 /* VoiceRecorderDisplay.swift in Sources */ = {isa = PBXBuildFile; fileRef = F057711F295A6F1200636896 /* VoiceRecorderDisplay.swift */; };
		F0577122295A71E900636896 /* VoiceRecorderButton.swift in Sources */ = {isa = PBXBuildFile; fileRef = F0577121295A71E900636896 /* VoiceRecorderButton.swift */; };
		F0577124295A734C00636896 /* VoiceToTextScreen.swift in Sources */ = {isa = PBXBuildFile; fileRef = F0577123295A734C00636896 /* VoiceToTextScreen.swift */; };
/* End PBXBuildFile section */

/* Begin PBXFileReference section */
		058557BA273AAA24004C7B11 /* Assets.xcassets */ = {isa = PBXFileReference; lastKnownFileType = folder.assetcatalog; path = Assets.xcassets; sourceTree = "<group>"; };
		058557D8273AAEEB004C7B11 /* Preview Assets.xcassets */ = {isa = PBXFileReference; lastKnownFileType = folder.assetcatalog; path = "Preview Assets.xcassets"; sourceTree = "<group>"; };
		08DC0274B532131E35FDBA30 /* Pods-iosApp.debug.xcconfig */ = {isa = PBXFileReference; includeInIndex = 1; lastKnownFileType = text.xcconfig; name = "Pods-iosApp.debug.xcconfig"; path = "Target Support Files/Pods-iosApp/Pods-iosApp.debug.xcconfig"; sourceTree = "<group>"; };
		1B07E993D5338265A23F66A3 /* Pods-iosApp.release.xcconfig */ = {isa = PBXFileReference; includeInIndex = 1; lastKnownFileType = text.xcconfig; name = "Pods-iosApp.release.xcconfig"; path = "Target Support Files/Pods-iosApp/Pods-iosApp.release.xcconfig"; sourceTree = "<group>"; };
		2152FB032600AC8F00CF470E /* iOSApp.swift */ = {isa = PBXFileReference; lastKnownFileType = sourcecode.swift; path = iOSApp.swift; sourceTree = "<group>"; };
		7555FF7B242A565900829871 /* iosApp.app */ = {isa = PBXFileReference; explicitFileType = wrapper.application; includeInIndex = 0; path = iosApp.app; sourceTree = BUILT_PRODUCTS_DIR; };
		7555FF82242A565900829871 /* ContentView.swift */ = {isa = PBXFileReference; lastKnownFileType = sourcecode.swift; path = ContentView.swift; sourceTree = "<group>"; };
		7555FF8C242A565B00829871 /* Info.plist */ = {isa = PBXFileReference; lastKnownFileType = text.plist.xml; path = Info.plist; sourceTree = "<group>"; };
		9A46DEB3927F82975B75EE76 /* Pods_iosApp.framework */ = {isa = PBXFileReference; explicitFileType = wrapper.framework; includeInIndex = 0; path = Pods_iosApp.framework; sourceTree = BUILT_PRODUCTS_DIR; };
		F05770F82957716300636896 /* Colors.swift */ = {isa = PBXFileReference; lastKnownFileType = sourcecode.swift; path = Colors.swift; sourceTree = "<group>"; };
		F05770FD2957789300636896 /* LanguageDropDownItem.swift */ = {isa = PBXFileReference; lastKnownFileType = sourcecode.swift; path = LanguageDropDownItem.swift; sourceTree = "<group>"; };
		F05770FF29577C2A00636896 /* LanguageDropDown.swift */ = {isa = PBXFileReference; lastKnownFileType = sourcecode.swift; path = LanguageDropDown.swift; sourceTree = "<group>"; };
		F057710129577DE800636896 /* SmallLanguageIcon.swift */ = {isa = PBXFileReference; lastKnownFileType = sourcecode.swift; path = SmallLanguageIcon.swift; sourceTree = "<group>"; };
		F057710329577F5A00636896 /* SwapLanguageButton.swift */ = {isa = PBXFileReference; lastKnownFileType = sourcecode.swift; path = SwapLanguageButton.swift; sourceTree = "<group>"; };
		F05771052957807A00636896 /* IOSTranslateViewModel.swift */ = {isa = PBXFileReference; lastKnownFileType = sourcecode.swift; path = IOSTranslateViewModel.swift; sourceTree = "<group>"; };
		F05771072957809B00636896 /* TranslateScreen.swift */ = {isa = PBXFileReference; lastKnownFileType = sourcecode.swift; path = TranslateScreen.swift; sourceTree = "<group>"; };
		F0577109295968DE00636896 /* GradientSurface.swift */ = {isa = PBXFileReference; lastKnownFileType = sourcecode.swift; path = GradientSurface.swift; sourceTree = "<group>"; };
		F057710B29596AC100636896 /* LanguageDisplay.swift */ = {isa = PBXFileReference; lastKnownFileType = sourcecode.swift; path = LanguageDisplay.swift; sourceTree = "<group>"; };
		F057710D29596B7300636896 /* ProgressButton.swift */ = {isa = PBXFileReference; lastKnownFileType = sourcecode.swift; path = ProgressButton.swift; sourceTree = "<group>"; };
		F057710F29596E4200636896 /* TranslateTextField.swift */ = {isa = PBXFileReference; lastKnownFileType = sourcecode.swift; path = TranslateTextField.swift; sourceTree = "<group>"; };
		F057711129597BE700636896 /* TextToSpeech.swift */ = {isa = PBXFileReference; lastKnownFileType = sourcecode.swift; path = TextToSpeech.swift; sourceTree = "<group>"; };
		F0577113295A0B7600636896 /* TranslateHistoryItem.swift */ = {isa = PBXFileReference; lastKnownFileType = sourcecode.swift; path = TranslateHistoryItem.swift; sourceTree = "<group>"; };
		F0577117295A394600636896 /* MicrophonePowerObserver.swift */ = {isa = PBXFileReference; lastKnownFileType = sourcecode.swift; path = MicrophonePowerObserver.swift; sourceTree = "<group>"; };
		F0577119295A3E5C00636896 /* IOSVoiceToTextParser.swift */ = {isa = PBXFileReference; lastKnownFileType = sourcecode.swift; path = IOSVoiceToTextParser.swift; sourceTree = "<group>"; };
		F057711C295A481F00636896 /* IOSVoiceToTextViewModel.swift */ = {isa = PBXFileReference; lastKnownFileType = sourcecode.swift; path = IOSVoiceToTextViewModel.swift; sourceTree = "<group>"; };
		F057711F295A6F1200636896 /* VoiceRecorderDisplay.swift */ = {isa = PBXFileReference; lastKnownFileType = sourcecode.swift; path = VoiceRecorderDisplay.swift; sourceTree = "<group>"; };
		F0577121295A71E900636896 /* VoiceRecorderButton.swift */ = {isa = PBXFileReference; lastKnownFileType = sourcecode.swift; path = VoiceRecorderButton.swift; sourceTree = "<group>"; };
		F0577123295A734C00636896 /* VoiceToTextScreen.swift */ = {isa = PBXFileReference; lastKnownFileType = sourcecode.swift; path = VoiceToTextScreen.swift; sourceTree = "<group>"; };
/* End PBXFileReference section */

/* Begin PBXFrameworksBuildPhase section */
		91FE4700D5AF52EFDD8431ED /* Frameworks */ = {
			isa = PBXFrameworksBuildPhase;
			buildActionMask = 2147483647;
			files = (
				C170A8773C644D58E751CCC9 /* Pods_iosApp.framework in Frameworks */,
			);
			runOnlyForDeploymentPostprocessing = 0;
		};
/* End PBXFrameworksBuildPhase section */

/* Begin PBXGroup section */
		058557D7273AAEEB004C7B11 /* Preview Content */ = {
			isa = PBXGroup;
			children = (
				058557D8273AAEEB004C7B11 /* Preview Assets.xcassets */,
			);
			path = "Preview Content";
			sourceTree = "<group>";
		};
		6B9EB96BDE7D464B69B03B27 /* Frameworks */ = {
			isa = PBXGroup;
			children = (
				9A46DEB3927F82975B75EE76 /* Pods_iosApp.framework */,
			);
			name = Frameworks;
			sourceTree = "<group>";
		};
		7555FF72242A565900829871 = {
			isa = PBXGroup;
			children = (
				7555FF7D242A565900829871 /* iosApp */,
				7555FF7C242A565900829871 /* Products */,
				E0B5DA2571BC78B1086B62EF /* Pods */,
				6B9EB96BDE7D464B69B03B27 /* Frameworks */,
			);
			sourceTree = "<group>";
		};
		7555FF7C242A565900829871 /* Products */ = {
			isa = PBXGroup;
			children = (
				7555FF7B242A565900829871 /* iosApp.app */,
			);
			name = Products;
			sourceTree = "<group>";
		};
		7555FF7D242A565900829871 /* iosApp */ = {
			isa = PBXGroup;
			children = (
				F0577115295A391900636896 /* voice_to_text */,
				F05770FA2957785500636896 /* translate */,
				F05770F62957710F00636896 /* core */,
				058557BA273AAA24004C7B11 /* Assets.xcassets */,
				7555FF82242A565900829871 /* ContentView.swift */,
				7555FF8C242A565B00829871 /* Info.plist */,
				2152FB032600AC8F00CF470E /* iOSApp.swift */,
				058557D7273AAEEB004C7B11 /* Preview Content */,
			);
			path = iosApp;
			sourceTree = "<group>";
		};
		E0B5DA2571BC78B1086B62EF /* Pods */ = {
			isa = PBXGroup;
			children = (
				08DC0274B532131E35FDBA30 /* Pods-iosApp.debug.xcconfig */,
				1B07E993D5338265A23F66A3 /* Pods-iosApp.release.xcconfig */,
			);
			path = Pods;
			sourceTree = "<group>";
		};
		F05770F62957710F00636896 /* core */ = {
			isa = PBXGroup;
			children = (
				F05770F72957711900636896 /* presentation */,
			);
			path = core;
			sourceTree = "<group>";
		};
		F05770F72957711900636896 /* presentation */ = {
			isa = PBXGroup;
			children = (
				F05770F82957716300636896 /* Colors.swift */,
				F0577109295968DE00636896 /* GradientSurface.swift */,
			);
			path = presentation;
			sourceTree = "<group>";
		};
		F05770FA2957785500636896 /* translate */ = {
			isa = PBXGroup;
			children = (
				F05770FB2957785F00636896 /* presentation */,
			);
			path = translate;
			sourceTree = "<group>";
		};
		F05770FB2957785F00636896 /* presentation */ = {
			isa = PBXGroup;
			children = (
				F05770FC2957786900636896 /* components */,
				F05771052957807A00636896 /* IOSTranslateViewModel.swift */,
				F05771072957809B00636896 /* TranslateScreen.swift */,
				F057711129597BE700636896 /* TextToSpeech.swift */,
			);
			path = presentation;
			sourceTree = "<group>";
		};
		F05770FC2957786900636896 /* components */ = {
			isa = PBXGroup;
			children = (
				F05770FD2957789300636896 /* LanguageDropDownItem.swift */,
				F05770FF29577C2A00636896 /* LanguageDropDown.swift */,
				F057710129577DE800636896 /* SmallLanguageIcon.swift */,
				F057710329577F5A00636896 /* SwapLanguageButton.swift */,
				F057710B29596AC100636896 /* LanguageDisplay.swift */,
				F057710D29596B7300636896 /* ProgressButton.swift */,
				F057710F29596E4200636896 /* TranslateTextField.swift */,
				F0577113295A0B7600636896 /* TranslateHistoryItem.swift */,
			);
			path = components;
			sourceTree = "<group>";
		};
		F0577115295A391900636896 /* voice_to_text */ = {
			isa = PBXGroup;
			children = (
				F057711B295A47FB00636896 /* presentation */,
				F0577116295A393000636896 /* data */,
			);
			path = voice_to_text;
			sourceTree = "<group>";
		};
		F0577116295A393000636896 /* data */ = {
			isa = PBXGroup;
			children = (
				F0577117295A394600636896 /* MicrophonePowerObserver.swift */,
				F0577119295A3E5C00636896 /* IOSVoiceToTextParser.swift */,
			);
			path = data;
			sourceTree = "<group>";
		};
		F057711B295A47FB00636896 /* presentation */ = {
			isa = PBXGroup;
			children = (
				F057711E295A6EFA00636896 /* components */,
				F057711C295A481F00636896 /* IOSVoiceToTextViewModel.swift */,
				F0577123295A734C00636896 /* VoiceToTextScreen.swift */,
			);
			path = presentation;
			sourceTree = "<group>";
		};
		F057711E295A6EFA00636896 /* components */ = {
			isa = PBXGroup;
			children = (
				F057711F295A6F1200636896 /* VoiceRecorderDisplay.swift */,
				F0577121295A71E900636896 /* VoiceRecorderButton.swift */,
			);
			path = components;
			sourceTree = "<group>";
		};
/* End PBXGroup section */

/* Begin PBXNativeTarget section */
		7555FF7A242A565900829871 /* iosApp */ = {
			isa = PBXNativeTarget;
			buildConfigurationList = 7555FFA5242A565B00829871 /* Build configuration list for PBXNativeTarget "iosApp" */;
			buildPhases = (
				A19E2EF48BD685A7188AE3E4 /* [CP] Check Pods Manifest.lock */,
				F05770F52956CEF900636896 /* ShellScript */,
				7555FF77242A565900829871 /* Sources */,
				7555FF79242A565900829871 /* Resources */,
				91FE4700D5AF52EFDD8431ED /* Frameworks */,
				9348783C6A4B8C9D5F63EB06 /* [CP] Embed Pods Frameworks */,
			);
			buildRules = (
			);
			dependencies = (
			);
			name = iosApp;
			productName = iosApp;
			productReference = 7555FF7B242A565900829871 /* iosApp.app */;
			productType = "com.apple.product-type.application";
		};
/* End PBXNativeTarget section */

/* Begin PBXProject section */
		7555FF73242A565900829871 /* Project object */ = {
			isa = PBXProject;
			attributes = {
				LastSwiftUpdateCheck = 1130;
				LastUpgradeCheck = 1130;
				ORGANIZATIONNAME = orgName;
				TargetAttributes = {
					7555FF7A242A565900829871 = {
						CreatedOnToolsVersion = 11.3.1;
					};
				};
			};
			buildConfigurationList = 7555FF76242A565900829871 /* Build configuration list for PBXProject "iosApp" */;
			compatibilityVersion = "Xcode 9.3";
			developmentRegion = en;
			hasScannedForEncodings = 0;
			knownRegions = (
				en,
				Base,
			);
			mainGroup = 7555FF72242A565900829871;
			productRefGroup = 7555FF7C242A565900829871 /* Products */;
			projectDirPath = "";
			projectRoot = "";
			targets = (
				7555FF7A242A565900829871 /* iosApp */,
			);
		};
/* End PBXProject section */

/* Begin PBXResourcesBuildPhase section */
		7555FF79242A565900829871 /* Resources */ = {
			isa = PBXResourcesBuildPhase;
			buildActionMask = 2147483647;
			files = (
				058557D9273AAEEB004C7B11 /* Preview Assets.xcassets in Resources */,
				058557BB273AAA24004C7B11 /* Assets.xcassets in Resources */,
			);
			runOnlyForDeploymentPostprocessing = 0;
		};
/* End PBXResourcesBuildPhase section */

/* Begin PBXShellScriptBuildPhase section */
		9348783C6A4B8C9D5F63EB06 /* [CP] Embed Pods Frameworks */ = {
			isa = PBXShellScriptBuildPhase;
			buildActionMask = 2147483647;
			files = (
			);
			inputFileListPaths = (
				"${PODS_ROOT}/Target Support Files/Pods-iosApp/Pods-iosApp-frameworks-${CONFIGURATION}-input-files.xcfilelist",
			);
			name = "[CP] Embed Pods Frameworks";
			outputFileListPaths = (
				"${PODS_ROOT}/Target Support Files/Pods-iosApp/Pods-iosApp-frameworks-${CONFIGURATION}-output-files.xcfilelist",
			);
			runOnlyForDeploymentPostprocessing = 0;
			shellPath = /bin/sh;
			shellScript = "\"${PODS_ROOT}/Target Support Files/Pods-iosApp/Pods-iosApp-frameworks.sh\"\n";
			showEnvVarsInLog = 0;
		};
		A19E2EF48BD685A7188AE3E4 /* [CP] Check Pods Manifest.lock */ = {
			isa = PBXShellScriptBuildPhase;
			buildActionMask = 2147483647;
			files = (
			);
			inputFileListPaths = (
			);
			inputPaths = (
				"${PODS_PODFILE_DIR_PATH}/Podfile.lock",
				"${PODS_ROOT}/Manifest.lock",
			);
			name = "[CP] Check Pods Manifest.lock";
			outputFileListPaths = (
			);
			outputPaths = (
				"$(DERIVED_FILE_DIR)/Pods-iosApp-checkManifestLockResult.txt",
			);
			runOnlyForDeploymentPostprocessing = 0;
			shellPath = /bin/sh;
			shellScript = "diff \"${PODS_PODFILE_DIR_PATH}/Podfile.lock\" \"${PODS_ROOT}/Manifest.lock\" > /dev/null\nif [ $? != 0 ] ; then\n    # print error to STDERR\n    echo \"error: The sandbox is not in sync with the Podfile.lock. Run 'pod install' or update your CocoaPods installation.\" >&2\n    exit 1\nfi\n# This output is used by Xcode 'outputs' to avoid re-running this script phase.\necho \"SUCCESS\" > \"${SCRIPT_OUTPUT_FILE_0}\"\n";
			showEnvVarsInLog = 0;
		};
		F05770F52956CEF900636896 /* ShellScript */ = {
			isa = PBXShellScriptBuildPhase;
			buildActionMask = 2147483647;
			files = (
			);
			inputFileListPaths = (
			);
			inputPaths = (
			);
			outputFileListPaths = (
			);
			outputPaths = (
			);
			runOnlyForDeploymentPostprocessing = 0;
			shellPath = /bin/sh;
			shellScript = "# Type a script or drag a script file from your workspace to insert its path.\ncd \"$SRCROOT/..\"\n./gradlew :shared:embedAndSignAppleFrameworkForXcode\n";
		};
/* End PBXShellScriptBuildPhase section */

/* Begin PBXSourcesBuildPhase section */
		7555FF77242A565900829871 /* Sources */ = {
			isa = PBXSourcesBuildPhase;
			buildActionMask = 2147483647;
			files = (
				F0577122295A71E900636896 /* VoiceRecorderButton.swift in Sources */,
				F057710E29596B7300636896 /* ProgressButton.swift in Sources */,
				F0577124295A734C00636896 /* VoiceToTextScreen.swift in Sources */,
				F057711D295A481F00636896 /* IOSVoiceToTextViewModel.swift in Sources */,
				F0577118295A394600636896 /* MicrophonePowerObserver.swift in Sources */,
				2152FB042600AC8F00CF470E /* iOSApp.swift in Sources */,
				F057710A295968DE00636896 /* GradientSurface.swift in Sources */,
				F05770FE2957789300636896 /* LanguageDropDownItem.swift in Sources */,
				F0577120295A6F1200636896 /* VoiceRecorderDisplay.swift in Sources */,
				F057711A295A3E5C00636896 /* IOSVoiceToTextParser.swift in Sources */,
				F057710C29596AC100636896 /* LanguageDisplay.swift in Sources */,
				F057710229577DE800636896 /* SmallLanguageIcon.swift in Sources */,
				F05771062957807A00636896 /* IOSTranslateViewModel.swift in Sources */,
				F057710029577C2A00636896 /* LanguageDropDown.swift in Sources */,
				F057710429577F5A00636896 /* SwapLanguageButton.swift in Sources */,
				F05770F92957716300636896 /* Colors.swift in Sources */,
				F05771082957809B00636896 /* TranslateScreen.swift in Sources */,
				F057711229597BE700636896 /* TextToSpeech.swift in Sources */,
				7555FF83242A565900829871 /* ContentView.swift in Sources */,
				F0577114295A0B7600636896 /* TranslateHistoryItem.swift in Sources */,
				F057711029596E4200636896 /* TranslateTextField.swift in Sources */,
			);
			runOnlyForDeploymentPostprocessing = 0;
		};
/* End PBXSourcesBuildPhase section */

/* Begin XCBuildConfiguration section */
		7555FFA3242A565B00829871 /* Debug */ = {
			isa = XCBuildConfiguration;
			buildSettings = {
				ALWAYS_SEARCH_USER_PATHS = NO;
				CLANG_ANALYZER_NONNULL = YES;
				CLANG_ANALYZER_NUMBER_OBJECT_CONVERSION = YES_AGGRESSIVE;
				CLANG_CXX_LANGUAGE_STANDARD = "gnu++14";
				CLANG_CXX_LIBRARY = "libc++";
				CLANG_ENABLE_MODULES = YES;
				CLANG_ENABLE_OBJC_ARC = YES;
				CLANG_ENABLE_OBJC_WEAK = YES;
				CLANG_WARN_BLOCK_CAPTURE_AUTORELEASING = YES;
				CLANG_WARN_BOOL_CONVERSION = YES;
				CLANG_WARN_COMMA = YES;
				CLANG_WARN_CONSTANT_CONVERSION = YES;
				CLANG_WARN_DEPRECATED_OBJC_IMPLEMENTATIONS = YES;
				CLANG_WARN_DIRECT_OBJC_ISA_USAGE = YES_ERROR;
				CLANG_WARN_DOCUMENTATION_COMMENTS = YES;
				CLANG_WARN_EMPTY_BODY = YES;
				CLANG_WARN_ENUM_CONVERSION = YES;
				CLANG_WARN_INFINITE_RECURSION = YES;
				CLANG_WARN_INT_CONVERSION = YES;
				CLANG_WARN_NON_LITERAL_NULL_CONVERSION = YES;
				CLANG_WARN_OBJC_IMPLICIT_RETAIN_SELF = YES;
				CLANG_WARN_OBJC_LITERAL_CONVERSION = YES;
				CLANG_WARN_OBJC_ROOT_CLASS = YES_ERROR;
				CLANG_WARN_QUOTED_INCLUDE_IN_FRAMEWORK_HEADER = YES;
				CLANG_WARN_RANGE_LOOP_ANALYSIS = YES;
				CLANG_WARN_STRICT_PROTOTYPES = YES;
				CLANG_WARN_SUSPICIOUS_MOVE = YES;
				CLANG_WARN_UNGUARDED_AVAILABILITY = YES_AGGRESSIVE;
				CLANG_WARN_UNREACHABLE_CODE = YES;
				CLANG_WARN__DUPLICATE_METHOD_MATCH = YES;
				COPY_PHASE_STRIP = NO;
				DEBUG_INFORMATION_FORMAT = "dwarf-with-dsym";
				ENABLE_STRICT_OBJC_MSGSEND = YES;
				ENABLE_TESTABILITY = YES;
				GCC_C_LANGUAGE_STANDARD = gnu11;
				GCC_DYNAMIC_NO_PIC = NO;
				GCC_NO_COMMON_BLOCKS = YES;
				GCC_OPTIMIZATION_LEVEL = 0;
				GCC_PREPROCESSOR_DEFINITIONS = (
					"DEBUG=1",
					"$(inherited)",
				);
				GCC_WARN_64_TO_32_BIT_CONVERSION = YES;
				GCC_WARN_ABOUT_RETURN_TYPE = YES_ERROR;
				GCC_WARN_UNDECLARED_SELECTOR = YES;
				GCC_WARN_UNINITIALIZED_AUTOS = YES_AGGRESSIVE;
				GCC_WARN_UNUSED_FUNCTION = YES;
				GCC_WARN_UNUSED_VARIABLE = YES;
				IPHONEOS_DEPLOYMENT_TARGET = 14.1;
				MTL_ENABLE_DEBUG_INFO = INCLUDE_SOURCE;
				MTL_FAST_MATH = YES;
				ONLY_ACTIVE_ARCH = YES;
				SDKROOT = iphoneos;
				SWIFT_ACTIVE_COMPILATION_CONDITIONS = DEBUG;
				SWIFT_OPTIMIZATION_LEVEL = "-Onone";
			};
			name = Debug;
		};
		7555FFA4242A565B00829871 /* Release */ = {
			isa = XCBuildConfiguration;
			buildSettings = {
				ALWAYS_SEARCH_USER_PATHS = NO;
				CLANG_ANALYZER_NONNULL = YES;
				CLANG_ANALYZER_NUMBER_OBJECT_CONVERSION = YES_AGGRESSIVE;
				CLANG_CXX_LANGUAGE_STANDARD = "gnu++14";
				CLANG_CXX_LIBRARY = "libc++";
				CLANG_ENABLE_MODULES = YES;
				CLANG_ENABLE_OBJC_ARC = YES;
				CLANG_ENABLE_OBJC_WEAK = YES;
				CLANG_WARN_BLOCK_CAPTURE_AUTORELEASING = YES;
				CLANG_WARN_BOOL_CONVERSION = YES;
				CLANG_WARN_COMMA = YES;
				CLANG_WARN_CONSTANT_CONVERSION = YES;
				CLANG_WARN_DEPRECATED_OBJC_IMPLEMENTATIONS = YES;
				CLANG_WARN_DIRECT_OBJC_ISA_USAGE = YES_ERROR;
				CLANG_WARN_DOCUMENTATION_COMMENTS = YES;
				CLANG_WARN_EMPTY_BODY = YES;
				CLANG_WARN_ENUM_CONVERSION = YES;
				CLANG_WARN_INFINITE_RECURSION = YES;
				CLANG_WARN_INT_CONVERSION = YES;
				CLANG_WARN_NON_LITERAL_NULL_CONVERSION = YES;
				CLANG_WARN_OBJC_IMPLICIT_RETAIN_SELF = YES;
				CLANG_WARN_OBJC_LITERAL_CONVERSION = YES;
				CLANG_WARN_OBJC_ROOT_CLASS = YES_ERROR;
				CLANG_WARN_QUOTED_INCLUDE_IN_FRAMEWORK_HEADER = YES;
				CLANG_WARN_RANGE_LOOP_ANALYSIS = YES;
				CLANG_WARN_STRICT_PROTOTYPES = YES;
				CLANG_WARN_SUSPICIOUS_MOVE = YES;
				CLANG_WARN_UNGUARDED_AVAILABILITY = YES_AGGRESSIVE;
				CLANG_WARN_UNREACHABLE_CODE = YES;
				CLANG_WARN__DUPLICATE_METHOD_MATCH = YES;
				COPY_PHASE_STRIP = NO;
				DEBUG_INFORMATION_FORMAT = "dwarf-with-dsym";
				ENABLE_NS_ASSERTIONS = NO;
				ENABLE_STRICT_OBJC_MSGSEND = YES;
				GCC_C_LANGUAGE_STANDARD = gnu11;
				GCC_NO_COMMON_BLOCKS = YES;
				GCC_WARN_64_TO_32_BIT_CONVERSION = YES;
				GCC_WARN_ABOUT_RETURN_TYPE = YES_ERROR;
				GCC_WARN_UNDECLARED_SELECTOR = YES;
				GCC_WARN_UNINITIALIZED_AUTOS = YES_AGGRESSIVE;
				GCC_WARN_UNUSED_FUNCTION = YES;
				GCC_WARN_UNUSED_VARIABLE = YES;
				IPHONEOS_DEPLOYMENT_TARGET = 14.1;
				MTL_ENABLE_DEBUG_INFO = NO;
				MTL_FAST_MATH = YES;
				SDKROOT = iphoneos;
				SWIFT_COMPILATION_MODE = wholemodule;
				SWIFT_OPTIMIZATION_LEVEL = "-O";
				VALIDATE_PRODUCT = YES;
			};
			name = Release;
		};
		7555FFA6242A565B00829871 /* Debug */ = {
			isa = XCBuildConfiguration;
			baseConfigurationReference = 08DC0274B532131E35FDBA30 /* Pods-iosApp.debug.xcconfig */;
			buildSettings = {
				ASSETCATALOG_COMPILER_APPICON_NAME = AppIcon;
				CODE_SIGN_STYLE = Automatic;
				DEVELOPMENT_ASSET_PATHS = "\"iosApp/Preview Content\"";
				ENABLE_PREVIEWS = YES;
				FRAMEWORK_SEARCH_PATHS = (
					"$(inherited)",
					"\"${PODS_ROOT}/../../shared/build/cocoapods/framework\"",
					"$(SRCROOT)/../shared/build/xcode-frameworks/$(CONFIGURATION)/$(SDK_NAME)",
				);
				INFOPLIST_FILE = iosApp/Info.plist;
				IPHONEOS_DEPLOYMENT_TARGET = 15.0;
				LD_RUNPATH_SEARCH_PATHS = (
					"$(inherited)",
					"@executable_path/Frameworks",
				);
				OTHER_LDFLAGS = (
					"$(inherited)",
					"-ObjC",
					"-l\"c++\"",
					"-framework",
					"\"shared\"",
					"$(inherited)",
					"-framework",
					shared,
					"-lsqlite3",
				);
				PRODUCT_BUNDLE_IDENTIFIER = orgIdentifier.iosApp;
				PRODUCT_NAME = "$(TARGET_NAME)";
				SWIFT_VERSION = 5.0;
				TARGETED_DEVICE_FAMILY = "1,2";
			};
			name = Debug;
		};
		7555FFA7242A565B00829871 /* Release */ = {
			isa = XCBuildConfiguration;
			baseConfigurationReference = 1B07E993D5338265A23F66A3 /* Pods-iosApp.release.xcconfig */;
			buildSettings = {
				ASSETCATALOG_COMPILER_APPICON_NAME = AppIcon;
				CODE_SIGN_STYLE = Automatic;
				DEVELOPMENT_ASSET_PATHS = "\"iosApp/Preview Content\"";
				ENABLE_PREVIEWS = YES;
				FRAMEWORK_SEARCH_PATHS = (
					"$(inherited)",
					"\"${PODS_ROOT}/../../shared/build/cocoapods/framework\"",
					"$(SRCROOT)/../shared/build/xcode-frameworks/$(CONFIGURATION)/$(SDK_NAME)",
				);
				INFOPLIST_FILE = iosApp/Info.plist;
				IPHONEOS_DEPLOYMENT_TARGET = 15.0;
				LD_RUNPATH_SEARCH_PATHS = (
					"$(inherited)",
					"@executable_path/Frameworks",
				);
				OTHER_LDFLAGS = (
					"$(inherited)",
					"-ObjC",
					"-l\"c++\"",
					"-framework",
					"\"shared\"",
					"$(inherited)",
					"-framework",
					shared,
					"-lsqlite3",
				);
				PRODUCT_BUNDLE_IDENTIFIER = orgIdentifier.iosApp;
				PRODUCT_NAME = "$(TARGET_NAME)";
				SWIFT_VERSION = 5.0;
				TARGETED_DEVICE_FAMILY = "1,2";
			};
			name = Release;
		};
/* End XCBuildConfiguration section */

/* Begin XCConfigurationList section */
		7555FF76242A565900829871 /* Build configuration list for PBXProject "iosApp" */ = {
			isa = XCConfigurationList;
			buildConfigurations = (
				7555FFA3242A565B00829871 /* Debug */,
				7555FFA4242A565B00829871 /* Release */,
			);
			defaultConfigurationIsVisible = 0;
			defaultConfigurationName = Release;
		};
		7555FFA5242A565B00829871 /* Build configuration list for PBXNativeTarget "iosApp" */ = {
			isa = XCConfigurationList;
			buildConfigurations = (
				7555FFA6242A565B00829871 /* Debug */,
				7555FFA7242A565B00829871 /* Release */,
			);
			defaultConfigurationIsVisible = 0;
			defaultConfigurationName = Release;
		};
/* End XCConfigurationList section */
	};
	rootObject = 7555FF73242A565900829871 /* Project object */;
}
